
Microsoft Visual Studio Solution File, Format Version 12.00
# Visual Studio Version 17
VisualStudioVersion = 17.6.33829.357
MinimumVisualStudioVersion = 10.0.40219.1
Project("{FAE04EC0-301F-11D3-BF4B-00C04F79EFBC}") = "t8.3", "t8.3.csproj", "{A3B813A1-5F61-4B9E-9878-EAEBB8C59FF3}"
EndProject
Global
	GlobalSection(SolutionConfigurationPlatforms) = preSolution
		Debug|Any CPU = Debug|Any CPU
		Release|Any CPU = Release|Any CPU
	EndGlobalSection
	GlobalSection(ProjectConfigurationPlatforms) = postSolution
		{A3B813A1-5F61-4B9E-9878-EAEBB8C59FF3}.Debug|Any CPU.ActiveCfg = Debug|Any CPU
		{A3B813A1-5F61-4B9E-9878-EAEBB8C59FF3}.Debug|Any CPU.Build.0 = Debug|Any CPU
		{A3B813A1-5F61-4B9E-9878-EAEBB8C59FF3}.Release|Any CPU.ActiveCfg = Release|Any CPU
		{A3B813A1-5F61-4B9E-9878-EAEBB8C59FF3}.Release|Any CPU.Build.0 = Release|Any CPU
	EndGlobalSection
	GlobalSection(SolutionProperties) = preSolution
		HideSolutionNode = FALSE
	EndGlobalSection
	GlobalSection(ExtensibilityGlobals) = postSolution
		SolutionGuid = {DA97D32B-0A8D-415A-9C85-7A89EE361170}
	EndGlobalSection
EndGlobal
