
Microsoft Visual Studio Solution File, Format Version 12.00
# Visual Studio Version 17
VisualStudioVersion = 17.6.33829.357
MinimumVisualStudioVersion = 10.0.40219.1
Project("{FAE04EC0-301F-11D3-BF4B-00C04F79EFBC}") = "T8_2", "T8_2.csproj", "{8A9B9BF2-0C6C-473D-B5F5-5DAD65E75D51}"
EndProject
Global
	GlobalSection(SolutionConfigurationPlatforms) = preSolution
		Debug|Any CPU = Debug|Any CPU
		Release|Any CPU = Release|Any CPU
	EndGlobalSection
	GlobalSection(ProjectConfigurationPlatforms) = postSolution
		{8A9B9BF2-0C6C-473D-B5F5-5DAD65E75D51}.Debug|Any CPU.ActiveCfg = Debug|Any CPU
		{8A9B9BF2-0C6C-473D-B5F5-5DAD65E75D51}.Debug|Any CPU.Build.0 = Debug|Any CPU
		{8A9B9BF2-0C6C-473D-B5F5-5DAD65E75D51}.Release|Any CPU.ActiveCfg = Release|Any CPU
		{8A9B9BF2-0C6C-473D-B5F5-5DAD65E75D51}.Release|Any CPU.Build.0 = Release|Any CPU
	EndGlobalSection
	GlobalSection(SolutionProperties) = preSolution
		HideSolutionNode = FALSE
	EndGlobalSection
	GlobalSection(ExtensibilityGlobals) = postSolution
		SolutionGuid = {E043496A-5848-4C18-9676-1CFA9C5F8EA9}
	EndGlobalSection
EndGlobal
